
Microsoft Visual Studio Solution File, Format Version 12.00
# Visual Studio Version 16
VisualStudioVersion = 16.0.31229.75
MinimumVisualStudioVersion = 10.0.40219.1
Project("{FAE04EC0-301F-11D3-BF4B-00C04F79EFBC}") = "WebApplication1", "WebApplication1\WebApplication1.csproj", "{D419E3B5-F15B-4918-A500-CD83F8CFC59B}"
EndProject
Global
	GlobalSection(SolutionConfigurationPlatforms) = preSolution
		Debug|Any CPU = Debug|Any CPU
		Release|Any CPU = Release|Any CPU
	EndGlobalSection
	GlobalSection(ProjectConfigurationPlatforms) = postSolution
		{D419E3B5-F15B-4918-A500-CD83F8CFC59B}.Debug|Any CPU.ActiveCfg = Debug|Any CPU
		{D419E3B5-F15B-4918-A500-CD83F8CFC59B}.Debug|Any CPU.Build.0 = Debug|Any CPU
		{D419E3B5-F15B-4918-A500-CD83F8CFC59B}.Release|Any CPU.ActiveCfg = Release|Any CPU
		{D419E3B5-F15B-4918-A500-CD83F8CFC59B}.Release|Any CPU.Build.0 = Release|Any CPU
	EndGlobalSection
	GlobalSection(SolutionProperties) = preSolution
		HideSolutionNode = FALSE
	EndGlobalSection
	GlobalSection(ExtensibilityGlobals) = postSolution
		SolutionGuid = {F0B9C34F-41EA-441F-920C-4ED204EA82E0}
	EndGlobalSection
EndGlobal
